
Microsoft Visual Studio Solution File, Format Version 12.00
# Visual Studio 15
VisualStudioVersion = 15.0.27703.2042
MinimumVisualStudioVersion = 10.0.40219.1
Project("{9A19103F-16F7-4668-BE54-9A1E7A4F7556}") = "NancyHWApp", "NancyHWApp\NancyHWApp.csproj", "{411D5288-BF80-45D9-BF1C-117C339034FC}"
EndProject
Project("{9A19103F-16F7-4668-BE54-9A1E7A4F7556}") = "ShoppingCart", "ShoppingCart\ShoppingCart.csproj", "{9FD4E63F-8E77-4299-B710-319CDCE30435}"
EndProject
Project("{9A19103F-16F7-4668-BE54-9A1E7A4F7556}") = "LoyaltyProgram", "LoyaltyProgram\LoyaltyProgram.csproj", "{A8E2FA9C-24BE-4534-9EFE-4D8AE652A640}"
EndProject
Project("{9A19103F-16F7-4668-BE54-9A1E7A4F7556}") = "LoyaltyProgram.Tests", "LoyaltyProgram.Tests\LoyaltyProgram.Tests.csproj", "{6B66FEEE-3EA4-4439-9437-938F7F1B6626}"
EndProject
Project("{FAE04EC0-301F-11D3-BF4B-00C04F79EFBC}") = "ApiGateway", "ApiGateway\ApiGateway.csproj", "{D201D987-9ABF-43FB-A619-D841FB86645E}"
EndProject
Global
	GlobalSection(SolutionConfigurationPlatforms) = preSolution
		Debug|Any CPU = Debug|Any CPU
		Release|Any CPU = Release|Any CPU
	EndGlobalSection
	GlobalSection(ProjectConfigurationPlatforms) = postSolution
		{411D5288-BF80-45D9-BF1C-117C339034FC}.Debug|Any CPU.ActiveCfg = Debug|Any CPU
		{411D5288-BF80-45D9-BF1C-117C339034FC}.Debug|Any CPU.Build.0 = Debug|Any CPU
		{411D5288-BF80-45D9-BF1C-117C339034FC}.Release|Any CPU.ActiveCfg = Release|Any CPU
		{411D5288-BF80-45D9-BF1C-117C339034FC}.Release|Any CPU.Build.0 = Release|Any CPU
		{9FD4E63F-8E77-4299-B710-319CDCE30435}.Debug|Any CPU.ActiveCfg = Debug|Any CPU
		{9FD4E63F-8E77-4299-B710-319CDCE30435}.Debug|Any CPU.Build.0 = Debug|Any CPU
		{9FD4E63F-8E77-4299-B710-319CDCE30435}.Release|Any CPU.ActiveCfg = Release|Any CPU
		{9FD4E63F-8E77-4299-B710-319CDCE30435}.Release|Any CPU.Build.0 = Release|Any CPU
		{A8E2FA9C-24BE-4534-9EFE-4D8AE652A640}.Debug|Any CPU.ActiveCfg = Debug|Any CPU
		{A8E2FA9C-24BE-4534-9EFE-4D8AE652A640}.Debug|Any CPU.Build.0 = Debug|Any CPU
		{A8E2FA9C-24BE-4534-9EFE-4D8AE652A640}.Release|Any CPU.ActiveCfg = Release|Any CPU
		{A8E2FA9C-24BE-4534-9EFE-4D8AE652A640}.Release|Any CPU.Build.0 = Release|Any CPU
		{6B66FEEE-3EA4-4439-9437-938F7F1B6626}.Debug|Any CPU.ActiveCfg = Debug|Any CPU
		{6B66FEEE-3EA4-4439-9437-938F7F1B6626}.Debug|Any CPU.Build.0 = Debug|Any CPU
		{6B66FEEE-3EA4-4439-9437-938F7F1B6626}.Release|Any CPU.ActiveCfg = Release|Any CPU
		{6B66FEEE-3EA4-4439-9437-938F7F1B6626}.Release|Any CPU.Build.0 = Release|Any CPU
		{D201D987-9ABF-43FB-A619-D841FB86645E}.Debug|Any CPU.ActiveCfg = Debug|Any CPU
		{D201D987-9ABF-43FB-A619-D841FB86645E}.Debug|Any CPU.Build.0 = Debug|Any CPU
		{D201D987-9ABF-43FB-A619-D841FB86645E}.Release|Any CPU.ActiveCfg = Release|Any CPU
		{D201D987-9ABF-43FB-A619-D841FB86645E}.Release|Any CPU.Build.0 = Release|Any CPU
	EndGlobalSection
	GlobalSection(SolutionProperties) = preSolution
		HideSolutionNode = FALSE
	EndGlobalSection
	GlobalSection(ExtensibilityGlobals) = postSolution
		SolutionGuid = {90E078AD-A113-44B0-AB80-3E60750FF678}
	EndGlobalSection
EndGlobal
