
Microsoft Visual Studio Solution File, Format Version 12.00
# Visual Studio 15
VisualStudioVersion = 15.0.27703.2042
MinimumVisualStudioVersion = 10.0.40219.1
Project("{9A19103F-16F7-4668-BE54-9A1E7A4F7556}") = "NancyHWApp", "NancyHWApp\NancyHWApp.csproj", "{411D5288-BF80-45D9-BF1C-117C339034FC}"
EndProject
Project("{9A19103F-16F7-4668-BE54-9A1E7A4F7556}") = "ShoppingCart", "ShoppingCart\ShoppingCart.csproj", "{9FD4E63F-8E77-4299-B710-319CDCE30435}"
EndProject
Project("{9A19103F-16F7-4668-BE54-9A1E7A4F7556}") = "LoyaltyProgram", "LoyaltyProgram\LoyaltyProgram.csproj", "{A8E2FA9C-24BE-4534-9EFE-4D8AE652A640}"
EndProject
Project("{9A19103F-16F7-4668-BE54-9A1E7A4F7556}") = "LoyaltyProgram.Tests", "LoyaltyProgram.Tests\LoyaltyProgram.Tests.csproj", "{6B66FEEE-3EA4-4439-9437-938F7F1B6626}"
EndProject
Project("{9A19103F-16F7-4668-BE54-9A1E7A4F7556}") = "ApiGateway", "ApiGateway\ApiGateway.csproj", "{D201D987-9ABF-43FB-A619-D841FB86645E}"
EndProject
Project("{9A19103F-16F7-4668-BE54-9A1E7A4F7556}") = "SpecialOffers", "SpecialOffers\SpecialOffers.csproj", "{BDA76407-1BD7-4B1F-BEFC-85F99FF31035}"
EndProject
Project("{9A19103F-16F7-4668-BE54-9A1E7A4F7556}") = "LoyaltyProgramEventConsumer", "LoyaltyProgramEventConsumer\LoyaltyProgramEventConsumer.csproj", "{88FB1B34-4357-413E-927B-923D58AED1B2}"
EndProject
Project("{2150E333-8FDC-42A3-9474-1A3956D46DE8}") = "databases", "databases", "{1A5470D0-F518-4CF3-B643-DCA2C2946BF4}"
	ProjectSection(SolutionItems) = preProject
		databases\ShoppingCart_db.mdf = databases\ShoppingCart_db.mdf
		databases\ShoppingCart_db_log.ldf = databases\ShoppingCart_db_log.ldf
	EndProjectSection
EndProject
Project("{FAE04EC0-301F-11D3-BF4B-00C04F79EFBC}") = "ShoppingCart461", "ShoppingCart461\ShoppingCart461.csproj", "{5CCD908A-4375-4912-88BA-D3190C513A0C}"
EndProject
Project("{00D1A9C2-B5F0-4AF3-8072-F6C62B433612}") = "ShoppingCartStoreDb", "ShoppingCartStoreDb\ShoppingCartStoreDb.sqlproj", "{011B7CEC-23A7-4778-A2AD-2550F3779032}"
EndProject
Project("{9A19103F-16F7-4668-BE54-9A1E7A4F7556}") = "ProductCatalog", "ProductCatalog\ProductCatalog.csproj", "{BD0A309F-EC75-45B8-ABA4-042C6B7BDECE}"
EndProject
Global
	GlobalSection(SolutionConfigurationPlatforms) = preSolution
		Debug|Any CPU = Debug|Any CPU
		Release|Any CPU = Release|Any CPU
	EndGlobalSection
	GlobalSection(ProjectConfigurationPlatforms) = postSolution
		{411D5288-BF80-45D9-BF1C-117C339034FC}.Debug|Any CPU.ActiveCfg = Debug|Any CPU
		{411D5288-BF80-45D9-BF1C-117C339034FC}.Debug|Any CPU.Build.0 = Debug|Any CPU
		{411D5288-BF80-45D9-BF1C-117C339034FC}.Release|Any CPU.ActiveCfg = Release|Any CPU
		{411D5288-BF80-45D9-BF1C-117C339034FC}.Release|Any CPU.Build.0 = Release|Any CPU
		{9FD4E63F-8E77-4299-B710-319CDCE30435}.Debug|Any CPU.ActiveCfg = Debug|Any CPU
		{9FD4E63F-8E77-4299-B710-319CDCE30435}.Debug|Any CPU.Build.0 = Debug|Any CPU
		{9FD4E63F-8E77-4299-B710-319CDCE30435}.Release|Any CPU.ActiveCfg = Release|Any CPU
		{9FD4E63F-8E77-4299-B710-319CDCE30435}.Release|Any CPU.Build.0 = Release|Any CPU
		{A8E2FA9C-24BE-4534-9EFE-4D8AE652A640}.Debug|Any CPU.ActiveCfg = Debug|Any CPU
		{A8E2FA9C-24BE-4534-9EFE-4D8AE652A640}.Debug|Any CPU.Build.0 = Debug|Any CPU
		{A8E2FA9C-24BE-4534-9EFE-4D8AE652A640}.Release|Any CPU.ActiveCfg = Release|Any CPU
		{A8E2FA9C-24BE-4534-9EFE-4D8AE652A640}.Release|Any CPU.Build.0 = Release|Any CPU
		{6B66FEEE-3EA4-4439-9437-938F7F1B6626}.Debug|Any CPU.ActiveCfg = Debug|Any CPU
		{6B66FEEE-3EA4-4439-9437-938F7F1B6626}.Debug|Any CPU.Build.0 = Debug|Any CPU
		{6B66FEEE-3EA4-4439-9437-938F7F1B6626}.Release|Any CPU.ActiveCfg = Release|Any CPU
		{6B66FEEE-3EA4-4439-9437-938F7F1B6626}.Release|Any CPU.Build.0 = Release|Any CPU
		{D201D987-9ABF-43FB-A619-D841FB86645E}.Debug|Any CPU.ActiveCfg = Debug|Any CPU
		{D201D987-9ABF-43FB-A619-D841FB86645E}.Debug|Any CPU.Build.0 = Debug|Any CPU
		{D201D987-9ABF-43FB-A619-D841FB86645E}.Release|Any CPU.ActiveCfg = Release|Any CPU
		{D201D987-9ABF-43FB-A619-D841FB86645E}.Release|Any CPU.Build.0 = Release|Any CPU
		{BDA76407-1BD7-4B1F-BEFC-85F99FF31035}.Debug|Any CPU.ActiveCfg = Debug|Any CPU
		{BDA76407-1BD7-4B1F-BEFC-85F99FF31035}.Debug|Any CPU.Build.0 = Debug|Any CPU
		{BDA76407-1BD7-4B1F-BEFC-85F99FF31035}.Release|Any CPU.ActiveCfg = Release|Any CPU
		{BDA76407-1BD7-4B1F-BEFC-85F99FF31035}.Release|Any CPU.Build.0 = Release|Any CPU
		{88FB1B34-4357-413E-927B-923D58AED1B2}.Debug|Any CPU.ActiveCfg = Debug|Any CPU
		{88FB1B34-4357-413E-927B-923D58AED1B2}.Debug|Any CPU.Build.0 = Debug|Any CPU
		{88FB1B34-4357-413E-927B-923D58AED1B2}.Release|Any CPU.ActiveCfg = Release|Any CPU
		{88FB1B34-4357-413E-927B-923D58AED1B2}.Release|Any CPU.Build.0 = Release|Any CPU
		{5CCD908A-4375-4912-88BA-D3190C513A0C}.Debug|Any CPU.ActiveCfg = Debug|Any CPU
		{5CCD908A-4375-4912-88BA-D3190C513A0C}.Debug|Any CPU.Build.0 = Debug|Any CPU
		{5CCD908A-4375-4912-88BA-D3190C513A0C}.Release|Any CPU.ActiveCfg = Release|Any CPU
		{5CCD908A-4375-4912-88BA-D3190C513A0C}.Release|Any CPU.Build.0 = Release|Any CPU
		{011B7CEC-23A7-4778-A2AD-2550F3779032}.Debug|Any CPU.ActiveCfg = Debug|Any CPU
		{011B7CEC-23A7-4778-A2AD-2550F3779032}.Debug|Any CPU.Build.0 = Debug|Any CPU
		{011B7CEC-23A7-4778-A2AD-2550F3779032}.Release|Any CPU.ActiveCfg = Release|Any CPU
		{011B7CEC-23A7-4778-A2AD-2550F3779032}.Release|Any CPU.Build.0 = Release|Any CPU
		{011B7CEC-23A7-4778-A2AD-2550F3779032}.Release|Any CPU.Deploy.0 = Release|Any CPU
		{BD0A309F-EC75-45B8-ABA4-042C6B7BDECE}.Debug|Any CPU.ActiveCfg = Debug|Any CPU
		{BD0A309F-EC75-45B8-ABA4-042C6B7BDECE}.Debug|Any CPU.Build.0 = Debug|Any CPU
		{BD0A309F-EC75-45B8-ABA4-042C6B7BDECE}.Release|Any CPU.ActiveCfg = Release|Any CPU
		{BD0A309F-EC75-45B8-ABA4-042C6B7BDECE}.Release|Any CPU.Build.0 = Release|Any CPU
	EndGlobalSection
	GlobalSection(SolutionProperties) = preSolution
		HideSolutionNode = FALSE
	EndGlobalSection
	GlobalSection(ExtensibilityGlobals) = postSolution
		SolutionGuid = {90E078AD-A113-44B0-AB80-3E60750FF678}
	EndGlobalSection
EndGlobal
